
Microsoft Visual Studio Solution File, Format Version 12.00
# Visual Studio Version 17
VisualStudioVersion = 17.11.35327.3
MinimumVisualStudioVersion = 10.0.40219.1
Project("{FAE04EC0-301F-11D3-BF4B-00C04F79EFBC}") = "RedisChat", "RedisChat\RedisChat.csproj", "{55411759-C3A4-46D9-9F2C-50FC89D563CC}"
EndProject
Global
	GlobalSection(SolutionConfigurationPlatforms) = preSolution
		Debug|Any CPU = Debug|Any CPU
		Release|Any CPU = Release|Any CPU
	EndGlobalSection
	GlobalSection(ProjectConfigurationPlatforms) = postSolution
		{55411759-C3A4-46D9-9F2C-50FC89D563CC}.Debug|Any CPU.ActiveCfg = Debug|Any CPU
		{55411759-C3A4-46D9-9F2C-50FC89D563CC}.Debug|Any CPU.Build.0 = Debug|Any CPU
		{55411759-C3A4-46D9-9F2C-50FC89D563CC}.Release|Any CPU.ActiveCfg = Release|Any CPU
		{55411759-C3A4-46D9-9F2C-50FC89D563CC}.Release|Any CPU.Build.0 = Release|Any CPU
	EndGlobalSection
	GlobalSection(SolutionProperties) = preSolution
		HideSolutionNode = FALSE
	EndGlobalSection
	GlobalSection(ExtensibilityGlobals) = postSolution
		SolutionGuid = {CA888E42-6DE0-430A-B563-4DDFA1953026}
	EndGlobalSection
EndGlobal
